// !$*UTF8*$!
{
	archiveVersion = 1;
	classes = {
	};
	objectVersion = 77;
	objects = {

/* Begin PBXBuildFile section */
		6D494C182E4B1EC200ED37D1 /* DetailedRecipe.swift in Sources */ = {isa = PBXBuildFile; fileRef = 6D494C152E4B1EC200ED37D1 /* DetailedRecipe.swift */; };
		6D494C192E4B1EC200ED37D1 /* Recipe.swift in Sources */ = {isa = PBXBuildFile; fileRef = 6D494C162E4B1EC200ED37D1 /* Recipe.swift */; };
		6D494C6C2E4B229B00ED37D1 /* NetworkError.swift in Sources */ = {isa = PBXBuildFile; fileRef = 6D494C6B2E4B229B00ED37D1 /* NetworkError.swift */; };
		6D494C6E2E4B234A00ED37D1 /* API.swift in Sources */ = {isa = PBXBuildFile; fileRef = 6D494C6D2E4B234A00ED37D1 /* API.swift */; };
		6D494C702E4B23A800ED37D1 /* Endpoint.swift in Sources */ = {isa = PBXBuildFile; fileRef = 6D494C6F2E4B23A800ED37D1 /* Endpoint.swift */; };
		6D494C722E4B271400ED37D1 /* NetworkRouter.swift in Sources */ = {isa = PBXBuildFile; fileRef = 6D494C712E4B271400ED37D1 /* NetworkRouter.swift */; };
		E12B34262E4BDBE600050A82 /* HomeContentView.swift in Sources */ = {isa = PBXBuildFile; fileRef = F451DFB92E4A83D100EB0C05 /* HomeContentView.swift */; };
		E12B34D92E4BE3A500050A82 /* SearchRecipeCell.swift in Sources */ = {isa = PBXBuildFile; fileRef = E12B34D82E4BE3A400050A82 /* SearchRecipeCell.swift */; };
		E12B35902E4C6A0C00050A82 /* HomeViewModel.swift in Sources */ = {isa = PBXBuildFile; fileRef = E12B358F2E4C6A0C00050A82 /* HomeViewModel.swift */; };
		E12B35932E4C77FF00050A82 /* CategoryButtonCell.swift in Sources */ = {isa = PBXBuildFile; fileRef = E12B35922E4C77FF00050A82 /* CategoryButtonCell.swift */; };
/* End PBXBuildFile section */

/* Begin PBXFileReference section */
		6D494C152E4B1EC200ED37D1 /* DetailedRecipe.swift */ = {isa = PBXFileReference; lastKnownFileType = sourcecode.swift; path = DetailedRecipe.swift; sourceTree = "<group>"; };
		6D494C162E4B1EC200ED37D1 /* Recipe.swift */ = {isa = PBXFileReference; lastKnownFileType = sourcecode.swift; path = Recipe.swift; sourceTree = "<group>"; };
		6D494C6B2E4B229B00ED37D1 /* NetworkError.swift */ = {isa = PBXFileReference; lastKnownFileType = sourcecode.swift; path = NetworkError.swift; sourceTree = "<group>"; };
		6D494C6D2E4B234A00ED37D1 /* API.swift */ = {isa = PBXFileReference; lastKnownFileType = sourcecode.swift; path = API.swift; sourceTree = "<group>"; };
		6D494C6F2E4B23A800ED37D1 /* Endpoint.swift */ = {isa = PBXFileReference; lastKnownFileType = sourcecode.swift; path = Endpoint.swift; sourceTree = "<group>"; };
		6D494C712E4B271400ED37D1 /* NetworkRouter.swift */ = {isa = PBXFileReference; lastKnownFileType = sourcecode.swift; path = NetworkRouter.swift; sourceTree = "<group>"; };
		E12B34D82E4BE3A400050A82 /* SearchRecipeCell.swift */ = {isa = PBXFileReference; lastKnownFileType = sourcecode.swift; path = SearchRecipeCell.swift; sourceTree = "<group>"; };
		E12B358F2E4C6A0C00050A82 /* HomeViewModel.swift */ = {isa = PBXFileReference; lastKnownFileType = sourcecode.swift; path = HomeViewModel.swift; sourceTree = "<group>"; };
		E12B35922E4C77FF00050A82 /* CategoryButtonCell.swift */ = {isa = PBXFileReference; lastKnownFileType = sourcecode.swift; path = CategoryButtonCell.swift; sourceTree = "<group>"; };
		F451DFA22E4A7EC400EB0C05 /* BestRecipes.app */ = {isa = PBXFileReference; explicitFileType = wrapper.application; includeInIndex = 0; path = BestRecipes.app; sourceTree = BUILT_PRODUCTS_DIR; };
		F451DFB12E4A809100EB0C05 /* NetworkingService.swift */ = {isa = PBXFileReference; lastKnownFileType = sourcecode.swift; path = NetworkingService.swift; sourceTree = "<group>"; };
		F451DFB82E4A82F100EB0C05 /* OnboardingContentView.swift */ = {isa = PBXFileReference; lastKnownFileType = sourcecode.swift; path = OnboardingContentView.swift; sourceTree = "<group>"; };
		F451DFB92E4A83D100EB0C05 /* HomeContentView.swift */ = {isa = PBXFileReference; lastKnownFileType = sourcecode.swift; path = HomeContentView.swift; sourceTree = "<group>"; };
		F451DFBA2E4A83E900EB0C05 /* SavedRecipesContentView.swift */ = {isa = PBXFileReference; lastKnownFileType = sourcecode.swift; path = SavedRecipesContentView.swift; sourceTree = "<group>"; };
		F451DFBB2E4A847900EB0C05 /* ProfileContentView.swift */ = {isa = PBXFileReference; lastKnownFileType = sourcecode.swift; path = ProfileContentView.swift; sourceTree = "<group>"; };
		F451DFBD2E4A84B100EB0C05 /* PopularCell.swift */ = {isa = PBXFileReference; lastKnownFileType = sourcecode.swift; path = PopularCell.swift; sourceTree = "<group>"; };
/* End PBXFileReference section */

/* Begin PBXFileSystemSynchronizedBuildFileExceptionSet section */
		F451E0472E4A8CA800EB0C05 /* Exceptions for "BestRecipes" folder in "BestRecipes" target */ = {
			isa = PBXFileSystemSynchronizedBuildFileExceptionSet;
			membershipExceptions = (
				Info.plist,
			);
			target = F451DFA12E4A7EC400EB0C05 /* BestRecipes */;
		};
/* End PBXFileSystemSynchronizedBuildFileExceptionSet section */

/* Begin PBXFileSystemSynchronizedRootGroup section */
		E12B35942E4C785200050A82 /* Models */ = {
			isa = PBXFileSystemSynchronizedRootGroup;
			path = Models;
			sourceTree = "<group>";
		};
		F451DFA42E4A7EC400EB0C05 /* BestRecipes */ = {
			isa = PBXFileSystemSynchronizedRootGroup;
			exceptions = (
				F451E0472E4A8CA800EB0C05 /* Exceptions for "BestRecipes" folder in "BestRecipes" target */,
			);
			path = BestRecipes;
			sourceTree = "<group>";
		};
		F451E0102E4A871700EB0C05 /* Design_System */ = {
			isa = PBXFileSystemSynchronizedRootGroup;
			path = Design_System;
			sourceTree = "<group>";
		};
/* End PBXFileSystemSynchronizedRootGroup section */

/* Begin PBXFrameworksBuildPhase section */
		F451DF9F2E4A7EC400EB0C05 /* Frameworks */ = {
			isa = PBXFrameworksBuildPhase;
			buildActionMask = 2147483647;
			files = (
			);
			runOnlyForDeploymentPostprocessing = 0;
		};
/* End PBXFrameworksBuildPhase section */

/* Begin PBXGroup section */
		6D494C172E4B1EC200ED37D1 /* Models */ = {
			isa = PBXGroup;
			children = (
				6D494C162E4B1EC200ED37D1 /* Recipe.swift */,
				6D494C152E4B1EC200ED37D1 /* DetailedRecipe.swift */,
			);
			path = Models;
			sourceTree = "<group>";
		};
		E12B35912E4C755D00050A82 /* Cells */ = {
			isa = PBXGroup;
			children = (
				E12B35922E4C77FF00050A82 /* CategoryButtonCell.swift */,
				E12B34D82E4BE3A400050A82 /* SearchRecipeCell.swift */,
			);
			path = Cells;
			sourceTree = "<group>";
		};
		F451DF992E4A7EC400EB0C05 = {
			isa = PBXGroup;
			children = (
				F451DFA42E4A7EC400EB0C05 /* BestRecipes */,
				F451DFA32E4A7EC400EB0C05 /* Products */,
				6D494C172E4B1EC200ED37D1 /* Models */,
				F451DFB02E4A808700EB0C05 /* Services */,
				F451DFB22E4A80C500EB0C05 /* Modules */,
				F451DFBC2E4A84A600EB0C05 /* Entities */,
				F451E0102E4A871700EB0C05 /* Design_System */,
			);
			sourceTree = "<group>";
		};
		F451DFA32E4A7EC400EB0C05 /* Products */ = {
			isa = PBXGroup;
			children = (
				F451DFA22E4A7EC400EB0C05 /* BestRecipes.app */,
			);
			name = Products;
			sourceTree = "<group>";
		};
		F451DFB02E4A808700EB0C05 /* Services */ = {
			isa = PBXGroup;
			children = (
				6D494C6D2E4B234A00ED37D1 /* API.swift */,
				6D494C6F2E4B23A800ED37D1 /* Endpoint.swift */,
				F451DFB12E4A809100EB0C05 /* NetworkingService.swift */,
				6D494C712E4B271400ED37D1 /* NetworkRouter.swift */,
				6D494C6B2E4B229B00ED37D1 /* NetworkError.swift */,
			);
			path = Services;
			sourceTree = "<group>";
		};
		F451DFB22E4A80C500EB0C05 /* Modules */ = {
			isa = PBXGroup;
			children = (
				F451DFB72E4A82D600EB0C05 /* Onboarding */,
				F451DFB62E4A82D100EB0C05 /* Home */,
				F451DFB42E4A82BE00EB0C05 /* SavedRecipes */,
				F451DFB32E4A80CE00EB0C05 /* Profile */,
			);
			path = Modules;
			sourceTree = "<group>";
		};
		F451DFB32E4A80CE00EB0C05 /* Profile */ = {
			isa = PBXGroup;
			children = (
				F451DFBB2E4A847900EB0C05 /* ProfileContentView.swift */,
			);
			path = Profile;
			sourceTree = "<group>";
		};
		F451DFB42E4A82BE00EB0C05 /* SavedRecipes */ = {
			isa = PBXGroup;
			children = (
				F451DFBA2E4A83E900EB0C05 /* SavedRecipesContentView.swift */,
			);
			path = SavedRecipes;
			sourceTree = "<group>";
		};
		F451DFB62E4A82D100EB0C05 /* Home */ = {
			isa = PBXGroup;
			children = (
				E12B35942E4C785200050A82 /* Models */,
				E12B35912E4C755D00050A82 /* Cells */,
				F451DFB92E4A83D100EB0C05 /* HomeContentView.swift */,
				E12B358F2E4C6A0C00050A82 /* HomeViewModel.swift */,
			);
			path = Home;
			sourceTree = "<group>";
		};
		F451DFB72E4A82D600EB0C05 /* Onboarding */ = {
			isa = PBXGroup;
			children = (
				F451DFB82E4A82F100EB0C05 /* OnboardingContentView.swift */,
			);
			path = Onboarding;
			sourceTree = "<group>";
		};
		F451DFBC2E4A84A600EB0C05 /* Entities */ = {
			isa = PBXGroup;
			children = (
				F451DFBD2E4A84B100EB0C05 /* PopularCell.swift */,
			);
			path = Entities;
			sourceTree = "<group>";
		};
/* End PBXGroup section */

/* Begin PBXNativeTarget section */
		F451DFA12E4A7EC400EB0C05 /* BestRecipes */ = {
			isa = PBXNativeTarget;
			buildConfigurationList = F451DFAD2E4A7EC700EB0C05 /* Build configuration list for PBXNativeTarget "BestRecipes" */;
			buildPhases = (
				F451DF9E2E4A7EC400EB0C05 /* Sources */,
				F451DF9F2E4A7EC400EB0C05 /* Frameworks */,
				F451DFA02E4A7EC400EB0C05 /* Resources */,
			);
			buildRules = (
			);
			dependencies = (
			);
			fileSystemSynchronizedGroups = (
				E12B35942E4C785200050A82 /* Models */,
				F451DFA42E4A7EC400EB0C05 /* BestRecipes */,
				F451E0102E4A871700EB0C05 /* Design_System */,
			);
			name = BestRecipes;
			packageProductDependencies = (
			);
			productName = BestRecipes;
			productReference = F451DFA22E4A7EC400EB0C05 /* BestRecipes.app */;
			productType = "com.apple.product-type.application";
		};
/* End PBXNativeTarget section */

/* Begin PBXProject section */
		F451DF9A2E4A7EC400EB0C05 /* Project object */ = {
			isa = PBXProject;
			attributes = {
				BuildIndependentTargetsInParallel = 1;
				LastSwiftUpdateCheck = 1640;
				LastUpgradeCheck = 1640;
				TargetAttributes = {
					F451DFA12E4A7EC400EB0C05 = {
						CreatedOnToolsVersion = 16.4;
					};
				};
			};
			buildConfigurationList = F451DF9D2E4A7EC400EB0C05 /* Build configuration list for PBXProject "BestRecipes" */;
			developmentRegion = en;
			hasScannedForEncodings = 0;
			knownRegions = (
				en,
				Base,
			);
			mainGroup = F451DF992E4A7EC400EB0C05;
			minimizedProjectReferenceProxies = 1;
			preferredProjectObjectVersion = 77;
			productRefGroup = F451DFA32E4A7EC400EB0C05 /* Products */;
			projectDirPath = "";
			projectRoot = "";
			targets = (
				F451DFA12E4A7EC400EB0C05 /* BestRecipes */,
			);
		};
/* End PBXProject section */

/* Begin PBXResourcesBuildPhase section */
		F451DFA02E4A7EC400EB0C05 /* Resources */ = {
			isa = PBXResourcesBuildPhase;
			buildActionMask = 2147483647;
			files = (
			);
			runOnlyForDeploymentPostprocessing = 0;
		};
/* End PBXResourcesBuildPhase section */

/* Begin PBXSourcesBuildPhase section */
		F451DF9E2E4A7EC400EB0C05 /* Sources */ = {
			isa = PBXSourcesBuildPhase;
			buildActionMask = 2147483647;
			files = (
				6D494C702E4B23A800ED37D1 /* Endpoint.swift in Sources */,
				E12B35902E4C6A0C00050A82 /* HomeViewModel.swift in Sources */,
				6D494C182E4B1EC200ED37D1 /* DetailedRecipe.swift in Sources */,
				6D494C192E4B1EC200ED37D1 /* Recipe.swift in Sources */,
				E12B34262E4BDBE600050A82 /* HomeContentView.swift in Sources */,
				6D494C6C2E4B229B00ED37D1 /* NetworkError.swift in Sources */,
				6D494C6E2E4B234A00ED37D1 /* API.swift in Sources */,
				E12B35932E4C77FF00050A82 /* CategoryButtonCell.swift in Sources */,
				6D494C722E4B271400ED37D1 /* NetworkRouter.swift in Sources */,
				E12B34D92E4BE3A500050A82 /* SearchRecipeCell.swift in Sources */,
			);
			runOnlyForDeploymentPostprocessing = 0;
		};
/* End PBXSourcesBuildPhase section */

/* Begin XCBuildConfiguration section */
		F451DFAB2E4A7EC700EB0C05 /* Debug */ = {
			isa = XCBuildConfiguration;
			buildSettings = {
				ALWAYS_SEARCH_USER_PATHS = NO;
				ASSETCATALOG_COMPILER_GENERATE_SWIFT_ASSET_SYMBOL_EXTENSIONS = YES;
				CLANG_ANALYZER_NONNULL = YES;
				CLANG_ANALYZER_NUMBER_OBJECT_CONVERSION = YES_AGGRESSIVE;
				CLANG_CXX_LANGUAGE_STANDARD = "gnu++20";
				CLANG_ENABLE_MODULES = YES;
				CLANG_ENABLE_OBJC_ARC = YES;
				CLANG_ENABLE_OBJC_WEAK = YES;
				CLANG_WARN_BLOCK_CAPTURE_AUTORELEASING = YES;
				CLANG_WARN_BOOL_CONVERSION = YES;
				CLANG_WARN_COMMA = YES;
				CLANG_WARN_CONSTANT_CONVERSION = YES;
				CLANG_WARN_DEPRECATED_OBJC_IMPLEMENTATIONS = YES;
				CLANG_WARN_DIRECT_OBJC_ISA_USAGE = YES_ERROR;
				CLANG_WARN_DOCUMENTATION_COMMENTS = YES;
				CLANG_WARN_EMPTY_BODY = YES;
				CLANG_WARN_ENUM_CONVERSION = YES;
				CLANG_WARN_INFINITE_RECURSION = YES;
				CLANG_WARN_INT_CONVERSION = YES;
				CLANG_WARN_NON_LITERAL_NULL_CONVERSION = YES;
				CLANG_WARN_OBJC_IMPLICIT_RETAIN_SELF = YES;
				CLANG_WARN_OBJC_LITERAL_CONVERSION = YES;
				CLANG_WARN_OBJC_ROOT_CLASS = YES_ERROR;
				CLANG_WARN_QUOTED_INCLUDE_IN_FRAMEWORK_HEADER = YES;
				CLANG_WARN_RANGE_LOOP_ANALYSIS = YES;
				CLANG_WARN_STRICT_PROTOTYPES = YES;
				CLANG_WARN_SUSPICIOUS_MOVE = YES;
				CLANG_WARN_UNGUARDED_AVAILABILITY = YES_AGGRESSIVE;
				CLANG_WARN_UNREACHABLE_CODE = YES;
				CLANG_WARN__DUPLICATE_METHOD_MATCH = YES;
				COPY_PHASE_STRIP = NO;
				DEBUG_INFORMATION_FORMAT = dwarf;
				DEVELOPMENT_TEAM = 87P7GYW9VY;
				ENABLE_STRICT_OBJC_MSGSEND = YES;
				ENABLE_TESTABILITY = YES;
				ENABLE_USER_SCRIPT_SANDBOXING = YES;
				GCC_C_LANGUAGE_STANDARD = gnu17;
				GCC_DYNAMIC_NO_PIC = NO;
				GCC_NO_COMMON_BLOCKS = YES;
				GCC_OPTIMIZATION_LEVEL = 0;
				GCC_PREPROCESSOR_DEFINITIONS = (
					"DEBUG=1",
					"$(inherited)",
				);
				GCC_WARN_64_TO_32_BIT_CONVERSION = YES;
				GCC_WARN_ABOUT_RETURN_TYPE = YES_ERROR;
				GCC_WARN_UNDECLARED_SELECTOR = YES;
				GCC_WARN_UNINITIALIZED_AUTOS = YES_AGGRESSIVE;
				GCC_WARN_UNUSED_FUNCTION = YES;
				GCC_WARN_UNUSED_VARIABLE = YES;
				IPHONEOS_DEPLOYMENT_TARGET = 18.5;
				LOCALIZATION_PREFERS_STRING_CATALOGS = YES;
				MTL_ENABLE_DEBUG_INFO = INCLUDE_SOURCE;
				MTL_FAST_MATH = YES;
				ONLY_ACTIVE_ARCH = YES;
				SDKROOT = iphoneos;
				SWIFT_ACTIVE_COMPILATION_CONDITIONS = "DEBUG $(inherited)";
				SWIFT_OPTIMIZATION_LEVEL = "-Onone";
			};
			name = Debug;
		};
		F451DFAC2E4A7EC700EB0C05 /* Release */ = {
			isa = XCBuildConfiguration;
			buildSettings = {
				ALWAYS_SEARCH_USER_PATHS = NO;
				ASSETCATALOG_COMPILER_GENERATE_SWIFT_ASSET_SYMBOL_EXTENSIONS = YES;
				CLANG_ANALYZER_NONNULL = YES;
				CLANG_ANALYZER_NUMBER_OBJECT_CONVERSION = YES_AGGRESSIVE;
				CLANG_CXX_LANGUAGE_STANDARD = "gnu++20";
				CLANG_ENABLE_MODULES = YES;
				CLANG_ENABLE_OBJC_ARC = YES;
				CLANG_ENABLE_OBJC_WEAK = YES;
				CLANG_WARN_BLOCK_CAPTURE_AUTORELEASING = YES;
				CLANG_WARN_BOOL_CONVERSION = YES;
				CLANG_WARN_COMMA = YES;
				CLANG_WARN_CONSTANT_CONVERSION = YES;
				CLANG_WARN_DEPRECATED_OBJC_IMPLEMENTATIONS = YES;
				CLANG_WARN_DIRECT_OBJC_ISA_USAGE = YES_ERROR;
				CLANG_WARN_DOCUMENTATION_COMMENTS = YES;
				CLANG_WARN_EMPTY_BODY = YES;
				CLANG_WARN_ENUM_CONVERSION = YES;
				CLANG_WARN_INFINITE_RECURSION = YES;
				CLANG_WARN_INT_CONVERSION = YES;
				CLANG_WARN_NON_LITERAL_NULL_CONVERSION = YES;
				CLANG_WARN_OBJC_IMPLICIT_RETAIN_SELF = YES;
				CLANG_WARN_OBJC_LITERAL_CONVERSION = YES;
				CLANG_WARN_OBJC_ROOT_CLASS = YES_ERROR;
				CLANG_WARN_QUOTED_INCLUDE_IN_FRAMEWORK_HEADER = YES;
				CLANG_WARN_RANGE_LOOP_ANALYSIS = YES;
				CLANG_WARN_STRICT_PROTOTYPES = YES;
				CLANG_WARN_SUSPICIOUS_MOVE = YES;
				CLANG_WARN_UNGUARDED_AVAILABILITY = YES_AGGRESSIVE;
				CLANG_WARN_UNREACHABLE_CODE = YES;
				CLANG_WARN__DUPLICATE_METHOD_MATCH = YES;
				COPY_PHASE_STRIP = NO;
				DEBUG_INFORMATION_FORMAT = "dwarf-with-dsym";
				DEVELOPMENT_TEAM = 87P7GYW9VY;
				ENABLE_NS_ASSERTIONS = NO;
				ENABLE_STRICT_OBJC_MSGSEND = YES;
				ENABLE_USER_SCRIPT_SANDBOXING = YES;
				GCC_C_LANGUAGE_STANDARD = gnu17;
				GCC_NO_COMMON_BLOCKS = YES;
				GCC_WARN_64_TO_32_BIT_CONVERSION = YES;
				GCC_WARN_ABOUT_RETURN_TYPE = YES_ERROR;
				GCC_WARN_UNDECLARED_SELECTOR = YES;
				GCC_WARN_UNINITIALIZED_AUTOS = YES_AGGRESSIVE;
				GCC_WARN_UNUSED_FUNCTION = YES;
				GCC_WARN_UNUSED_VARIABLE = YES;
				IPHONEOS_DEPLOYMENT_TARGET = 18.5;
				LOCALIZATION_PREFERS_STRING_CATALOGS = YES;
				MTL_ENABLE_DEBUG_INFO = NO;
				MTL_FAST_MATH = YES;
				SDKROOT = iphoneos;
				SWIFT_COMPILATION_MODE = wholemodule;
				VALIDATE_PRODUCT = YES;
			};
			name = Release;
		};
		F451DFAE2E4A7EC700EB0C05 /* Debug */ = {
			isa = XCBuildConfiguration;
			buildSettings = {
				ASSETCATALOG_COMPILER_APPICON_NAME = AppIcon;
				ASSETCATALOG_COMPILER_GLOBAL_ACCENT_COLOR_NAME = AccentColor;
				CODE_SIGN_STYLE = Automatic;
				CURRENT_PROJECT_VERSION = 1;
				DEVELOPMENT_TEAM = 87P7GYW9VY;
				ENABLE_PREVIEWS = YES;
				GENERATE_INFOPLIST_FILE = YES;
				INFOPLIST_FILE = BestRecipes/Info.plist;
				INFOPLIST_KEY_UIApplicationSceneManifest_Generation = YES;
				INFOPLIST_KEY_UIApplicationSupportsIndirectInputEvents = NO;
				INFOPLIST_KEY_UILaunchScreen_Generation = YES;
				INFOPLIST_KEY_UISupportedInterfaceOrientations = UIInterfaceOrientationPortrait;
				IPHONEOS_DEPLOYMENT_TARGET = 16.6;
				LD_RUNPATH_SEARCH_PATHS = (
					"$(inherited)",
					"@executable_path/Frameworks",
				);
				MARKETING_VERSION = 1.0;
				PRODUCT_BUNDLE_IDENTIFIER = "Michael-Bolgar.BestRecipes";
				PRODUCT_NAME = "$(TARGET_NAME)";
				SUPPORTED_PLATFORMS = "iphoneos iphonesimulator";
				SUPPORTS_MACCATALYST = NO;
				SUPPORTS_MAC_DESIGNED_FOR_IPHONE_IPAD = NO;
				SUPPORTS_XR_DESIGNED_FOR_IPHONE_IPAD = NO;
				SWIFT_EMIT_LOC_STRINGS = YES;
				SWIFT_VERSION = 5.0;
				TARGETED_DEVICE_FAMILY = 1;
			};
			name = Debug;
		};
		F451DFAF2E4A7EC700EB0C05 /* Release */ = {
			isa = XCBuildConfiguration;
			buildSettings = {
				ASSETCATALOG_COMPILER_APPICON_NAME = AppIcon;
				ASSETCATALOG_COMPILER_GLOBAL_ACCENT_COLOR_NAME = AccentColor;
				CODE_SIGN_STYLE = Automatic;
				CURRENT_PROJECT_VERSION = 1;
				DEVELOPMENT_TEAM = 87P7GYW9VY;
				ENABLE_PREVIEWS = YES;
				GENERATE_INFOPLIST_FILE = YES;
				INFOPLIST_FILE = BestRecipes/Info.plist;
				INFOPLIST_KEY_UIApplicationSceneManifest_Generation = YES;
				INFOPLIST_KEY_UIApplicationSupportsIndirectInputEvents = NO;
				INFOPLIST_KEY_UILaunchScreen_Generation = YES;
				INFOPLIST_KEY_UISupportedInterfaceOrientations = UIInterfaceOrientationPortrait;
				IPHONEOS_DEPLOYMENT_TARGET = 16.6;
				LD_RUNPATH_SEARCH_PATHS = (
					"$(inherited)",
					"@executable_path/Frameworks",
				);
				MARKETING_VERSION = 1.0;
				PRODUCT_BUNDLE_IDENTIFIER = "Michael-Bolgar.BestRecipes";
				PRODUCT_NAME = "$(TARGET_NAME)";
				SUPPORTED_PLATFORMS = "iphoneos iphonesimulator";
				SUPPORTS_MACCATALYST = NO;
				SUPPORTS_MAC_DESIGNED_FOR_IPHONE_IPAD = NO;
				SUPPORTS_XR_DESIGNED_FOR_IPHONE_IPAD = NO;
				SWIFT_EMIT_LOC_STRINGS = YES;
				SWIFT_VERSION = 5.0;
				TARGETED_DEVICE_FAMILY = 1;
			};
			name = Release;
		};
/* End XCBuildConfiguration section */

/* Begin XCConfigurationList section */
		F451DF9D2E4A7EC400EB0C05 /* Build configuration list for PBXProject "BestRecipes" */ = {
			isa = XCConfigurationList;
			buildConfigurations = (
				F451DFAB2E4A7EC700EB0C05 /* Debug */,
				F451DFAC2E4A7EC700EB0C05 /* Release */,
			);
			defaultConfigurationIsVisible = 0;
			defaultConfigurationName = Release;
		};
		F451DFAD2E4A7EC700EB0C05 /* Build configuration list for PBXNativeTarget "BestRecipes" */ = {
			isa = XCConfigurationList;
			buildConfigurations = (
				F451DFAE2E4A7EC700EB0C05 /* Debug */,
				F451DFAF2E4A7EC700EB0C05 /* Release */,
			);
			defaultConfigurationIsVisible = 0;
			defaultConfigurationName = Release;
		};
/* End XCConfigurationList section */
	};
	rootObject = F451DF9A2E4A7EC400EB0C05 /* Project object */;
}
