// !$*UTF8*$!
{
	archiveVersion = 1;
	classes = {
	};
	objectVersion = 77;
	objects = {

/* Begin PBXBuildFile section */
		5210E3632E4BA4FC00B6E177 /* RatingView.swift in Sources */ = {isa = PBXBuildFile; fileRef = 5210E3622E4BA4D600B6E177 /* RatingView.swift */; };
		5210E3652E4BAE7F00B6E177 /* BookmarkView.swift in Sources */ = {isa = PBXBuildFile; fileRef = 5210E3642E4BAE7F00B6E177 /* BookmarkView.swift */; };
		5210E3672E4BAF1F00B6E177 /* TimerView.swift in Sources */ = {isa = PBXBuildFile; fileRef = 5210E3662E4BAF1F00B6E177 /* TimerView.swift */; };
		527314812E4B5EEF0063C17E /* SavedRecipesCell.swift in Sources */ = {isa = PBXBuildFile; fileRef = 527314802E4B5EEF0063C17E /* SavedRecipesCell.swift */; };
		527314822E4B5F1E0063C17E /* SavedRecipesContentView.swift in Sources */ = {isa = PBXBuildFile; fileRef = F451DFBA2E4A83E900EB0C05 /* SavedRecipesContentView.swift */; };
		5E6FA6AB2E4E003F0050C809 /* RecipeDetailView.swift in Sources */ = {isa = PBXBuildFile; fileRef = 5E6FA6AA2E4E003F0050C809 /* RecipeDetailView.swift */; };
		5E6FA6AE2E4E02620050C809 /* RecipeDetailModel.swift in Sources */ = {isa = PBXBuildFile; fileRef = 5E6FA6AD2E4E02620050C809 /* RecipeDetailModel.swift */; };
		5E6FA6B02E4E04EC0050C809 /* RecipeDetailViewModell.swift in Sources */ = {isa = PBXBuildFile; fileRef = 5E6FA6AF2E4E04EC0050C809 /* RecipeDetailViewModell.swift */; };
		5E6FA6B52E4E23490050C809 /* CustomCheckbox.swift in Sources */ = {isa = PBXBuildFile; fileRef = 5E6FA6B42E4E23490050C809 /* CustomCheckbox.swift */; };
		6D2FA36D2E4D64BD000BB6AE /* MealType.swift in Sources */ = {isa = PBXBuildFile; fileRef = 6D2FA36C2E4D64BD000BB6AE /* MealType.swift */; };
		6D2FA3712E4D654C000BB6AE /* Cuisine.swift in Sources */ = {isa = PBXBuildFile; fileRef = 6D2FA3702E4D654C000BB6AE /* Cuisine.swift */; };
		6D494C182E4B1EC200ED37D1 /* DetailedRecipe.swift in Sources */ = {isa = PBXBuildFile; fileRef = 6D494C152E4B1EC200ED37D1 /* DetailedRecipe.swift */; };
		6D494C192E4B1EC200ED37D1 /* Recipe.swift in Sources */ = {isa = PBXBuildFile; fileRef = 6D494C162E4B1EC200ED37D1 /* Recipe.swift */; };
		DCBE43FD2E4D724F005A37F5 /* SeeAllView.swift in Sources */ = {isa = PBXBuildFile; fileRef = DCBE43FC2E4D724F005A37F5 /* SeeAllView.swift */; };
		DCBE43FF2E4D7510005A37F5 /* RecipeListRow.swift in Sources */ = {isa = PBXBuildFile; fileRef = DCBE43FE2E4D7510005A37F5 /* RecipeListRow.swift */; };
		DCBE44022E4D7C88005A37F5 /* SeeAllViewModel.swift in Sources */ = {isa = PBXBuildFile; fileRef = DCBE44012E4D7C88005A37F5 /* SeeAllViewModel.swift */; };
		E12B34262E4BDBE600050A82 /* HomeContentView.swift in Sources */ = {isa = PBXBuildFile; fileRef = F451DFB92E4A83D100EB0C05 /* HomeContentView.swift */; };
		E12B35902E4C6A0C00050A82 /* HomeViewModel.swift in Sources */ = {isa = PBXBuildFile; fileRef = E12B358F2E4C6A0C00050A82 /* HomeViewModel.swift */; };
		E12B35C52E4C885300050A82 /* CategoryButtonCell.swift in Sources */ = {isa = PBXBuildFile; fileRef = E12B35C42E4C885300050A82 /* CategoryButtonCell.swift */; };
		E12B35CA2E4C896400050A82 /* TrendingNowSection.swift in Sources */ = {isa = PBXBuildFile; fileRef = E12B35C92E4C896400050A82 /* TrendingNowSection.swift */; };
		E12B35CC2E4C89CE00050A82 /* SeeAllSectionView.swift in Sources */ = {isa = PBXBuildFile; fileRef = E12B35CB2E4C89CE00050A82 /* SeeAllSectionView.swift */; };
		E12B35CE2E4C8D3600050A82 /* SeeAllType.swift in Sources */ = {isa = PBXBuildFile; fileRef = E12B35CD2E4C8D3600050A82 /* SeeAllType.swift */; };
		E12B35D02E4C8F8100050A82 /* RecipeModel.swift in Sources */ = {isa = PBXBuildFile; fileRef = E12B35CF2E4C8F8100050A82 /* RecipeModel.swift */; };
		E12B36A72E4CB46800050A82 /* PopularCategoriesSection.swift in Sources */ = {isa = PBXBuildFile; fileRef = E12B36A62E4CB46800050A82 /* PopularCategoriesSection.swift */; };
		E12B36A92E4CB63100050A82 /* СuisineByCountriesSection.swift in Sources */ = {isa = PBXBuildFile; fileRef = E12B36A82E4CB63100050A82 /* СuisineByCountriesSection.swift */; };
		E12B36AB2E4CB6D200050A82 /* СuisineByCountryCell.swift in Sources */ = {isa = PBXBuildFile; fileRef = E12B36AA2E4CB6D200050A82 /* СuisineByCountryCell.swift */; };
		E12B36D12E4CEC6A00050A82 /* PopularCell.swift in Sources */ = {isa = PBXBuildFile; fileRef = E12B36D02E4CEC6A00050A82 /* PopularCell.swift */; };
		E12D13EC2E51AB1E009C587A /* TrendingNowCell.swift in Sources */ = {isa = PBXBuildFile; fileRef = E12D13EB2E51AB1E009C587A /* TrendingNowCell.swift */; };
		E12D13F12E51BB02009C587A /* CuisineSeeAll.swift in Sources */ = {isa = PBXBuildFile; fileRef = E12D13F02E51BB02009C587A /* CuisineSeeAll.swift */; };
		E12D141F2E51CB11009C587A /* CurvedTabbarShape.swift in Sources */ = {isa = PBXBuildFile; fileRef = E12D141D2E51CB11009C587A /* CurvedTabbarShape.swift */; };
		E12D14202E51CB11009C587A /* TabbarView.swift in Sources */ = {isa = PBXBuildFile; fileRef = E12D141E2E51CB11009C587A /* TabbarView.swift */; };
		E12D14232E51CB2A009C587A /* IHomeNetworking.swift in Sources */ = {isa = PBXBuildFile; fileRef = E12D14212E51CB2A009C587A /* IHomeNetworking.swift */; };
		E12D142A2E51CB3F009C587A /* NetworkRouter.swift in Sources */ = {isa = PBXBuildFile; fileRef = E12D14282E51CB3F009C587A /* NetworkRouter.swift */; };
		E12D142B2E51CB3F009C587A /* NetworkingService.swift in Sources */ = {isa = PBXBuildFile; fileRef = E12D14272E51CB3F009C587A /* NetworkingService.swift */; };
		E12D142C2E51CB3F009C587A /* NetworkError.swift in Sources */ = {isa = PBXBuildFile; fileRef = E12D14262E51CB3F009C587A /* NetworkError.swift */; };
		E12D142D2E51CB3F009C587A /* API.swift in Sources */ = {isa = PBXBuildFile; fileRef = E12D14242E51CB3F009C587A /* API.swift */; };
		E12D142E2E51CB3F009C587A /* Endpoint.swift in Sources */ = {isa = PBXBuildFile; fileRef = E12D14252E51CB3F009C587A /* Endpoint.swift */; };
		E12D164C2E5249F8009C587A /* BackBarButtonView.swift in Sources */ = {isa = PBXBuildFile; fileRef = E12D164B2E5249F8009C587A /* BackBarButtonView.swift */; };
		E17D0BAC2E545FF100CE0936 /* ScrollOffsetPreferenceKey.swift in Sources */ = {isa = PBXBuildFile; fileRef = E17D0BAB2E545FF100CE0936 /* ScrollOffsetPreferenceKey.swift */; };
		E17D0BAF2E547AD500CE0936 /* SearchContentView.swift in Sources */ = {isa = PBXBuildFile; fileRef = E17D0BAE2E547AD500CE0936 /* SearchContentView.swift */; };
		E17D0BF42E54C93400CE0936 /* SearchHistoryStoring.swift in Sources */ = {isa = PBXBuildFile; fileRef = E17D0BF32E54C93400CE0936 /* SearchHistoryStoring.swift */; };
		E17D0C792E54E9F700CE0936 /* SearchBarView.swift in Sources */ = {isa = PBXBuildFile; fileRef = E17D0C782E54E9F700CE0936 /* SearchBarView.swift */; };
		E17D0C7B2E5518FB00CE0936 /* SearchRecipeCell.swift in Sources */ = {isa = PBXBuildFile; fileRef = E17D0C7A2E5518FB00CE0936 /* SearchRecipeCell.swift */; };
		F49E6AAA2E567F0200EA82B4 /* Keys.swift in Sources */ = {isa = PBXBuildFile; fileRef = F49E6AA92E567EFE00EA82B4 /* Keys.swift */; };
		F49E6AAC2E5680E800EA82B4 /* UserDefaultsService.swift in Sources */ = {isa = PBXBuildFile; fileRef = F49E6AAB2E5680DF00EA82B4 /* UserDefaultsService.swift */; };
		E1F0F4B92E57BBE200C7CB66 /* RecentSectionView.swift in Sources */ = {isa = PBXBuildFile; fileRef = E1F0F4B82E57BBE200C7CB66 /* RecentSectionView.swift */; };
		E1F0F4BD2E57BF7500C7CB66 /* RecipesStorage.xcdatamodeld in Sources */ = {isa = PBXBuildFile; fileRef = E1F0F4BB2E57BF7500C7CB66 /* RecipesStorage.xcdatamodeld */; };
		E1F0F4BF2E57BF8F00C7CB66 /* CoreDataService.swift in Sources */ = {isa = PBXBuildFile; fileRef = E1F0F4BE2E57BF8F00C7CB66 /* CoreDataService.swift */; };
		E1F0F4C12E57C17300C7CB66 /* PersistenceController.swift in Sources */ = {isa = PBXBuildFile; fileRef = E1F0F4C02E57C17300C7CB66 /* PersistenceController.swift */; };
		F4B6AEB52E51FB1E0018B316 /* RecentRecipesCell.swift in Sources */ = {isa = PBXBuildFile; fileRef = F4B6AEB42E51FB070018B316 /* RecentRecipesCell.swift */; };
		F4B6AEB72E51FBB60018B316 /* RecentRecipesModel.swift in Sources */ = {isa = PBXBuildFile; fileRef = F4B6AEB62E51FBAC0018B316 /* RecentRecipesModel.swift */; };
		F4B6B06D2E54D3EB0018B316 /* OnboardingPage.swift in Sources */ = {isa = PBXBuildFile; fileRef = F4B6B0652E54D3EB0018B316 /* OnboardingPage.swift */; };
		F4B6B06E2E54D3EB0018B316 /* DotsIndicator.swift in Sources */ = {isa = PBXBuildFile; fileRef = F4B6B0672E54D3EB0018B316 /* DotsIndicator.swift */; };
		F4B6B06F2E54D3EB0018B316 /* DemoPages.swift in Sources */ = {isa = PBXBuildFile; fileRef = F4B6B0632E54D3EB0018B316 /* DemoPages.swift */; };
		F4B6B0702E54D3EB0018B316 /* OnboardingViewModel.swift in Sources */ = {isa = PBXBuildFile; fileRef = F4B6B06B2E54D3EB0018B316 /* OnboardingViewModel.swift */; };
		F4B6B0712E54D3EB0018B316 /* OnboardingView.swift in Sources */ = {isa = PBXBuildFile; fileRef = F4B6B0692E54D3EB0018B316 /* OnboardingView.swift */; };
		F4B6B0722E54D3EB0018B316 /* OnboardingPageView.swift in Sources */ = {isa = PBXBuildFile; fileRef = F4B6B0682E54D3EB0018B316 /* OnboardingPageView.swift */; };
		F4F723B02E4E4AEB007AB583 /* TabModel.swift in Sources */ = {isa = PBXBuildFile; fileRef = F4F723AF2E4E4AE3007AB583 /* TabModel.swift */; };
/* End PBXBuildFile section */

/* Begin PBXFileReference section */
		5210E3622E4BA4D600B6E177 /* RatingView.swift */ = {isa = PBXFileReference; lastKnownFileType = sourcecode.swift; path = RatingView.swift; sourceTree = "<group>"; };
		5210E3642E4BAE7F00B6E177 /* BookmarkView.swift */ = {isa = PBXFileReference; lastKnownFileType = sourcecode.swift; path = BookmarkView.swift; sourceTree = "<group>"; };
		5210E3662E4BAF1F00B6E177 /* TimerView.swift */ = {isa = PBXFileReference; lastKnownFileType = sourcecode.swift; path = TimerView.swift; sourceTree = "<group>"; };
		527314802E4B5EEF0063C17E /* SavedRecipesCell.swift */ = {isa = PBXFileReference; lastKnownFileType = sourcecode.swift; path = SavedRecipesCell.swift; sourceTree = "<group>"; };
		5E6FA6AA2E4E003F0050C809 /* RecipeDetailView.swift */ = {isa = PBXFileReference; lastKnownFileType = sourcecode.swift; path = RecipeDetailView.swift; sourceTree = "<group>"; };
		5E6FA6AD2E4E02620050C809 /* RecipeDetailModel.swift */ = {isa = PBXFileReference; lastKnownFileType = sourcecode.swift; path = RecipeDetailModel.swift; sourceTree = "<group>"; };
		5E6FA6AF2E4E04EC0050C809 /* RecipeDetailViewModell.swift */ = {isa = PBXFileReference; lastKnownFileType = sourcecode.swift; path = RecipeDetailViewModell.swift; sourceTree = "<group>"; };
		5E6FA6B42E4E23490050C809 /* CustomCheckbox.swift */ = {isa = PBXFileReference; lastKnownFileType = sourcecode.swift; path = CustomCheckbox.swift; sourceTree = "<group>"; };
		6D2FA36C2E4D64BD000BB6AE /* MealType.swift */ = {isa = PBXFileReference; lastKnownFileType = sourcecode.swift; path = MealType.swift; sourceTree = "<group>"; };
		6D2FA3702E4D654C000BB6AE /* Cuisine.swift */ = {isa = PBXFileReference; lastKnownFileType = sourcecode.swift; path = Cuisine.swift; sourceTree = "<group>"; };
		6D494C152E4B1EC200ED37D1 /* DetailedRecipe.swift */ = {isa = PBXFileReference; lastKnownFileType = sourcecode.swift; path = DetailedRecipe.swift; sourceTree = "<group>"; };
		6D494C162E4B1EC200ED37D1 /* Recipe.swift */ = {isa = PBXFileReference; lastKnownFileType = sourcecode.swift; path = Recipe.swift; sourceTree = "<group>"; };
		DCBE43FC2E4D724F005A37F5 /* SeeAllView.swift */ = {isa = PBXFileReference; lastKnownFileType = sourcecode.swift; path = SeeAllView.swift; sourceTree = "<group>"; };
		DCBE43FE2E4D7510005A37F5 /* RecipeListRow.swift */ = {isa = PBXFileReference; lastKnownFileType = sourcecode.swift; path = RecipeListRow.swift; sourceTree = "<group>"; };
		DCBE44012E4D7C88005A37F5 /* SeeAllViewModel.swift */ = {isa = PBXFileReference; lastKnownFileType = sourcecode.swift; path = SeeAllViewModel.swift; sourceTree = "<group>"; };
		E12B358F2E4C6A0C00050A82 /* HomeViewModel.swift */ = {isa = PBXFileReference; lastKnownFileType = sourcecode.swift; path = HomeViewModel.swift; sourceTree = "<group>"; };
		E12B35C42E4C885300050A82 /* CategoryButtonCell.swift */ = {isa = PBXFileReference; lastKnownFileType = sourcecode.swift; path = CategoryButtonCell.swift; sourceTree = "<group>"; };
		E12B35C92E4C896400050A82 /* TrendingNowSection.swift */ = {isa = PBXFileReference; lastKnownFileType = sourcecode.swift; path = TrendingNowSection.swift; sourceTree = "<group>"; };
		E12B35CB2E4C89CE00050A82 /* SeeAllSectionView.swift */ = {isa = PBXFileReference; lastKnownFileType = sourcecode.swift; path = SeeAllSectionView.swift; sourceTree = "<group>"; };
		E12B35CD2E4C8D3600050A82 /* SeeAllType.swift */ = {isa = PBXFileReference; lastKnownFileType = sourcecode.swift; path = SeeAllType.swift; sourceTree = "<group>"; };
		E12B35CF2E4C8F8100050A82 /* RecipeModel.swift */ = {isa = PBXFileReference; lastKnownFileType = sourcecode.swift; path = RecipeModel.swift; sourceTree = "<group>"; };
		E12B36A62E4CB46800050A82 /* PopularCategoriesSection.swift */ = {isa = PBXFileReference; lastKnownFileType = sourcecode.swift; path = PopularCategoriesSection.swift; sourceTree = "<group>"; };
		E12B36A82E4CB63100050A82 /* СuisineByCountriesSection.swift */ = {isa = PBXFileReference; lastKnownFileType = sourcecode.swift; path = "СuisineByCountriesSection.swift"; sourceTree = "<group>"; };
		E12B36AA2E4CB6D200050A82 /* СuisineByCountryCell.swift */ = {isa = PBXFileReference; lastKnownFileType = sourcecode.swift; path = "СuisineByCountryCell.swift"; sourceTree = "<group>"; };
		E12B36D02E4CEC6A00050A82 /* PopularCell.swift */ = {isa = PBXFileReference; lastKnownFileType = sourcecode.swift; path = PopularCell.swift; sourceTree = "<group>"; };
		E12D13EB2E51AB1E009C587A /* TrendingNowCell.swift */ = {isa = PBXFileReference; lastKnownFileType = sourcecode.swift; path = TrendingNowCell.swift; sourceTree = "<group>"; };
		E12D13F02E51BB02009C587A /* CuisineSeeAll.swift */ = {isa = PBXFileReference; lastKnownFileType = sourcecode.swift; path = CuisineSeeAll.swift; sourceTree = "<group>"; };
		E12D141D2E51CB11009C587A /* CurvedTabbarShape.swift */ = {isa = PBXFileReference; lastKnownFileType = sourcecode.swift; path = CurvedTabbarShape.swift; sourceTree = "<group>"; };
		E12D141E2E51CB11009C587A /* TabbarView.swift */ = {isa = PBXFileReference; lastKnownFileType = sourcecode.swift; path = TabbarView.swift; sourceTree = "<group>"; };
		E12D14212E51CB2A009C587A /* IHomeNetworking.swift */ = {isa = PBXFileReference; lastKnownFileType = sourcecode.swift; path = IHomeNetworking.swift; sourceTree = "<group>"; };
		E12D14242E51CB3F009C587A /* API.swift */ = {isa = PBXFileReference; lastKnownFileType = sourcecode.swift; path = API.swift; sourceTree = "<group>"; };
		E12D14252E51CB3F009C587A /* Endpoint.swift */ = {isa = PBXFileReference; lastKnownFileType = sourcecode.swift; path = Endpoint.swift; sourceTree = "<group>"; };
		E12D14262E51CB3F009C587A /* NetworkError.swift */ = {isa = PBXFileReference; lastKnownFileType = sourcecode.swift; path = NetworkError.swift; sourceTree = "<group>"; };
		E12D14272E51CB3F009C587A /* NetworkingService.swift */ = {isa = PBXFileReference; lastKnownFileType = sourcecode.swift; path = NetworkingService.swift; sourceTree = "<group>"; };
		E12D14282E51CB3F009C587A /* NetworkRouter.swift */ = {isa = PBXFileReference; lastKnownFileType = sourcecode.swift; path = NetworkRouter.swift; sourceTree = "<group>"; };
		E12D164B2E5249F8009C587A /* BackBarButtonView.swift */ = {isa = PBXFileReference; lastKnownFileType = sourcecode.swift; path = BackBarButtonView.swift; sourceTree = "<group>"; };
		E17D0BAB2E545FF100CE0936 /* ScrollOffsetPreferenceKey.swift */ = {isa = PBXFileReference; lastKnownFileType = sourcecode.swift; path = ScrollOffsetPreferenceKey.swift; sourceTree = "<group>"; };
		E17D0BAE2E547AD500CE0936 /* SearchContentView.swift */ = {isa = PBXFileReference; lastKnownFileType = sourcecode.swift; path = SearchContentView.swift; sourceTree = "<group>"; };
		E17D0BF32E54C93400CE0936 /* SearchHistoryStoring.swift */ = {isa = PBXFileReference; lastKnownFileType = sourcecode.swift; path = SearchHistoryStoring.swift; sourceTree = "<group>"; };
		E17D0C782E54E9F700CE0936 /* SearchBarView.swift */ = {isa = PBXFileReference; lastKnownFileType = sourcecode.swift; path = SearchBarView.swift; sourceTree = "<group>"; };
		E17D0C7A2E5518FB00CE0936 /* SearchRecipeCell.swift */ = {isa = PBXFileReference; lastKnownFileType = sourcecode.swift; path = SearchRecipeCell.swift; sourceTree = "<group>"; };
		E1F0F4B82E57BBE200C7CB66 /* RecentSectionView.swift */ = {isa = PBXFileReference; lastKnownFileType = sourcecode.swift; path = RecentSectionView.swift; sourceTree = "<group>"; };
		E1F0F4BC2E57BF7500C7CB66 /* RecipesStorage.xcdatamodel */ = {isa = PBXFileReference; lastKnownFileType = wrapper.xcdatamodel; path = RecipesStorage.xcdatamodel; sourceTree = "<group>"; };
		E1F0F4BE2E57BF8F00C7CB66 /* CoreDataService.swift */ = {isa = PBXFileReference; lastKnownFileType = sourcecode.swift; path = CoreDataService.swift; sourceTree = "<group>"; };
		E1F0F4C02E57C17300C7CB66 /* PersistenceController.swift */ = {isa = PBXFileReference; lastKnownFileType = sourcecode.swift; path = PersistenceController.swift; sourceTree = "<group>"; };
		F451DFA22E4A7EC400EB0C05 /* BestRecipes.app */ = {isa = PBXFileReference; explicitFileType = wrapper.application; includeInIndex = 0; path = BestRecipes.app; sourceTree = BUILT_PRODUCTS_DIR; };
		F451DFB92E4A83D100EB0C05 /* HomeContentView.swift */ = {isa = PBXFileReference; lastKnownFileType = sourcecode.swift; path = HomeContentView.swift; sourceTree = "<group>"; };
		F451DFBA2E4A83E900EB0C05 /* SavedRecipesContentView.swift */ = {isa = PBXFileReference; lastKnownFileType = sourcecode.swift; name = SavedRecipesContentView.swift; path = Modules/SavedRecipes/SavedRecipesContentView.swift; sourceTree = SOURCE_ROOT; };
		F451DFBB2E4A847900EB0C05 /* ProfileContentView.swift */ = {isa = PBXFileReference; lastKnownFileType = sourcecode.swift; path = ProfileContentView.swift; sourceTree = "<group>"; };
		F49E6AA92E567EFE00EA82B4 /* Keys.swift */ = {isa = PBXFileReference; lastKnownFileType = sourcecode.swift; path = Keys.swift; sourceTree = "<group>"; };
		F49E6AAB2E5680DF00EA82B4 /* UserDefaultsService.swift */ = {isa = PBXFileReference; lastKnownFileType = sourcecode.swift; path = UserDefaultsService.swift; sourceTree = "<group>"; };
		F4B6AEB42E51FB070018B316 /* RecentRecipesCell.swift */ = {isa = PBXFileReference; lastKnownFileType = sourcecode.swift; path = RecentRecipesCell.swift; sourceTree = "<group>"; };
		F4B6AEB62E51FBAC0018B316 /* RecentRecipesModel.swift */ = {isa = PBXFileReference; lastKnownFileType = sourcecode.swift; path = RecentRecipesModel.swift; sourceTree = "<group>"; };
		F4B6B0632E54D3EB0018B316 /* DemoPages.swift */ = {isa = PBXFileReference; lastKnownFileType = sourcecode.swift; path = DemoPages.swift; sourceTree = "<group>"; };
		F4B6B0652E54D3EB0018B316 /* OnboardingPage.swift */ = {isa = PBXFileReference; lastKnownFileType = sourcecode.swift; path = OnboardingPage.swift; sourceTree = "<group>"; };
		F4B6B0672E54D3EB0018B316 /* DotsIndicator.swift */ = {isa = PBXFileReference; lastKnownFileType = sourcecode.swift; path = DotsIndicator.swift; sourceTree = "<group>"; };
		F4B6B0682E54D3EB0018B316 /* OnboardingPageView.swift */ = {isa = PBXFileReference; lastKnownFileType = sourcecode.swift; path = OnboardingPageView.swift; sourceTree = "<group>"; };
		F4B6B0692E54D3EB0018B316 /* OnboardingView.swift */ = {isa = PBXFileReference; lastKnownFileType = sourcecode.swift; path = OnboardingView.swift; sourceTree = "<group>"; };
		F4B6B06B2E54D3EB0018B316 /* OnboardingViewModel.swift */ = {isa = PBXFileReference; lastKnownFileType = sourcecode.swift; path = OnboardingViewModel.swift; sourceTree = "<group>"; };
		F4F723AF2E4E4AE3007AB583 /* TabModel.swift */ = {isa = PBXFileReference; lastKnownFileType = sourcecode.swift; path = TabModel.swift; sourceTree = "<group>"; };
/* End PBXFileReference section */

/* Begin PBXFileSystemSynchronizedBuildFileExceptionSet section */
		F451E0472E4A8CA800EB0C05 /* Exceptions for "BestRecipes" folder in "BestRecipes" target */ = {
			isa = PBXFileSystemSynchronizedBuildFileExceptionSet;
			membershipExceptions = (
				Info.plist,
			);
			target = F451DFA12E4A7EC400EB0C05 /* BestRecipes */;
		};
/* End PBXFileSystemSynchronizedBuildFileExceptionSet section */

/* Begin PBXFileSystemSynchronizedRootGroup section */
		52A464322E51C60300309D3F /* CreateRecipe */ = {
			isa = PBXFileSystemSynchronizedRootGroup;
			path = CreateRecipe;
			sourceTree = "<group>";
		};
		F451DFA42E4A7EC400EB0C05 /* BestRecipes */ = {
			isa = PBXFileSystemSynchronizedRootGroup;
			exceptions = (
				F451E0472E4A8CA800EB0C05 /* Exceptions for "BestRecipes" folder in "BestRecipes" target */,
			);
			path = BestRecipes;
			sourceTree = "<group>";
		};
		F451E0102E4A871700EB0C05 /* Design_System */ = {
			isa = PBXFileSystemSynchronizedRootGroup;
			path = Design_System;
			sourceTree = "<group>";
		};
/* End PBXFileSystemSynchronizedRootGroup section */

/* Begin PBXFrameworksBuildPhase section */
		F451DF9F2E4A7EC400EB0C05 /* Frameworks */ = {
			isa = PBXFrameworksBuildPhase;
			buildActionMask = 2147483647;
			files = (
			);
			runOnlyForDeploymentPostprocessing = 0;
		};
/* End PBXFrameworksBuildPhase section */

/* Begin PBXGroup section */
		5E6FA6A92E4DFF180050C809 /* RecipeDetails */ = {
			isa = PBXGroup;
			children = (
				5E6FA6B32E4E1B5B0050C809 /* Views */,
				5E6FA6B22E4E09510050C809 /* ViewController */,
				5E6FA6B12E4E09440050C809 /* ViewModel */,
				5E6FA6AC2E4E02440050C809 /* Models */,
			);
			path = RecipeDetails;
			sourceTree = "<group>";
		};
		5E6FA6AC2E4E02440050C809 /* Models */ = {
			isa = PBXGroup;
			children = (
				5E6FA6AD2E4E02620050C809 /* RecipeDetailModel.swift */,
			);
			path = Models;
			sourceTree = "<group>";
		};
		5E6FA6B12E4E09440050C809 /* ViewModel */ = {
			isa = PBXGroup;
			children = (
				5E6FA6AF2E4E04EC0050C809 /* RecipeDetailViewModell.swift */,
			);
			path = ViewModel;
			sourceTree = "<group>";
		};
		5E6FA6B22E4E09510050C809 /* ViewController */ = {
			isa = PBXGroup;
			children = (
				5E6FA6AA2E4E003F0050C809 /* RecipeDetailView.swift */,
			);
			path = ViewController;
			sourceTree = "<group>";
		};
		5E6FA6B32E4E1B5B0050C809 /* Views */ = {
			isa = PBXGroup;
			children = (
				5E6FA6B42E4E23490050C809 /* CustomCheckbox.swift */,
			);
			path = Views;
			sourceTree = "<group>";
		};
		6D494C172E4B1EC200ED37D1 /* Models */ = {
			isa = PBXGroup;
			children = (
				6D494C162E4B1EC200ED37D1 /* Recipe.swift */,
				6D494C152E4B1EC200ED37D1 /* DetailedRecipe.swift */,
				6D2FA36C2E4D64BD000BB6AE /* MealType.swift */,
				6D2FA3702E4D654C000BB6AE /* Cuisine.swift */,
			);
			path = Models;
			sourceTree = "<group>";
		};
		DCBE43FA2E4D71F4005A37F5 /* SeeAll */ = {
			isa = PBXGroup;
			children = (
				DCBE44032E4D80FC005A37F5 /* Cells */,
				DCBE44002E4D7C68005A37F5 /* ViewModel */,
				DCBE43FC2E4D724F005A37F5 /* SeeAllView.swift */,
			);
			path = SeeAll;
			sourceTree = "<group>";
		};
		DCBE44002E4D7C68005A37F5 /* ViewModel */ = {
			isa = PBXGroup;
			children = (
				DCBE44012E4D7C88005A37F5 /* SeeAllViewModel.swift */,
			);
			path = ViewModel;
			sourceTree = "<group>";
		};
		DCBE44032E4D80FC005A37F5 /* Cells */ = {
			isa = PBXGroup;
			children = (
				DCBE43FE2E4D7510005A37F5 /* RecipeListRow.swift */,
			);
			path = Cells;
			sourceTree = "<group>";
		};
		E12B35912E4C755D00050A82 /* Cells */ = {
			isa = PBXGroup;
			children = (
				E12B35CB2E4C89CE00050A82 /* SeeAllSectionView.swift */,
				E12B35C42E4C885300050A82 /* CategoryButtonCell.swift */,
				E12D13ED2E51ABB7009C587A /* TrendingNow */,
				E12B36F62E4D16B200050A82 /* Popular */,
				F4B6AEB82E5200BC0018B316 /* Recent */,
				E12D13F22E51BB0B009C587A /* Cuisine */,
			);
			path = Cells;
			sourceTree = "<group>";
		};
		E12B359F2E4C884100050A82 /* Recovered References */ = {
			isa = PBXGroup;
			children = (
			);
			name = "Recovered References";
			sourceTree = "<group>";
		};
		E12B35C72E4C887500050A82 /* Models */ = {
			isa = PBXGroup;
			children = (
				E17D0BAB2E545FF100CE0936 /* ScrollOffsetPreferenceKey.swift */,
				F4B6AEB62E51FBAC0018B316 /* RecentRecipesModel.swift */,
				E12B35CF2E4C8F8100050A82 /* RecipeModel.swift */,
				E12B35CD2E4C8D3600050A82 /* SeeAllType.swift */,
			);
			path = Models;
			sourceTree = "<group>";
		};
		E12B36F62E4D16B200050A82 /* Popular */ = {
			isa = PBXGroup;
			children = (
				E12B36A62E4CB46800050A82 /* PopularCategoriesSection.swift */,
				E12B36D02E4CEC6A00050A82 /* PopularCell.swift */,
			);
			path = Popular;
			sourceTree = "<group>";
		};
		E12D13ED2E51ABB7009C587A /* TrendingNow */ = {
			isa = PBXGroup;
			children = (
				E12B35C92E4C896400050A82 /* TrendingNowSection.swift */,
				E12D13EB2E51AB1E009C587A /* TrendingNowCell.swift */,
			);
			path = TrendingNow;
			sourceTree = "<group>";
		};
		E12D13F22E51BB0B009C587A /* Cuisine */ = {
			isa = PBXGroup;
			children = (
				E12B36A82E4CB63100050A82 /* СuisineByCountriesSection.swift */,
				E12B36AA2E4CB6D200050A82 /* СuisineByCountryCell.swift */,
				E12D13F02E51BB02009C587A /* CuisineSeeAll.swift */,
			);
			path = Cuisine;
			sourceTree = "<group>";
		};
		E12D14222E51CB2A009C587A /* HomeNetworking */ = {
			isa = PBXGroup;
			children = (
				E12D14212E51CB2A009C587A /* IHomeNetworking.swift */,
			);
			path = HomeNetworking;
			sourceTree = "<group>";
		};
		E12D14292E51CB3F009C587A /* Networking */ = {
			isa = PBXGroup;
			children = (
				E12D14242E51CB3F009C587A /* API.swift */,
				E12D14252E51CB3F009C587A /* Endpoint.swift */,
				E12D14262E51CB3F009C587A /* NetworkError.swift */,
				E12D14272E51CB3F009C587A /* NetworkingService.swift */,
				E12D14282E51CB3F009C587A /* NetworkRouter.swift */,
			);
			path = Networking;
			sourceTree = "<group>";
		};
		E17D0BAD2E547AA000CE0936 /* Search */ = {
			isa = PBXGroup;
			children = (
				E17D0C7A2E5518FB00CE0936 /* SearchRecipeCell.swift */,
				E17D0C782E54E9F700CE0936 /* SearchBarView.swift */,
				E17D0BAE2E547AD500CE0936 /* SearchContentView.swift */,
			);
			path = Search;
			sourceTree = "<group>";
		};
		E17D0BF22E54C92100CE0936 /* StorageService */ = {
			isa = PBXGroup;
			children = (
				F49E6AAB2E5680DF00EA82B4 /* UserDefaultsService.swift */,
				F49E6AA92E567EFE00EA82B4 /* Keys.swift */,
				E17D0BF32E54C93400CE0936 /* SearchHistoryStoring.swift */,
			);
			path = StorageService;
			sourceTree = "<group>";
		};
		E1F0F4BA2E57BEF000C7CB66 /* CoreDataService */ = {
			isa = PBXGroup;
			children = (
				E1F0F4C02E57C17300C7CB66 /* PersistenceController.swift */,
				E1F0F4BB2E57BF7500C7CB66 /* RecipesStorage.xcdatamodeld */,
				E1F0F4BE2E57BF8F00C7CB66 /* CoreDataService.swift */,
			);
			path = CoreDataService;
			sourceTree = "<group>";
		};
		F451DF992E4A7EC400EB0C05 = {
			isa = PBXGroup;
			children = (
				F451DFA42E4A7EC400EB0C05 /* BestRecipes */,
				F451DFA32E4A7EC400EB0C05 /* Products */,
				6D494C172E4B1EC200ED37D1 /* Models */,
				F451DFB02E4A808700EB0C05 /* Services */,
				F451DFB22E4A80C500EB0C05 /* Modules */,
				F451DFBC2E4A84A600EB0C05 /* Entities */,
				F451E0102E4A871700EB0C05 /* Design_System */,
				E12B359F2E4C884100050A82 /* Recovered References */,
			);
			sourceTree = "<group>";
		};
		F451DFA32E4A7EC400EB0C05 /* Products */ = {
			isa = PBXGroup;
			children = (
				F451DFA22E4A7EC400EB0C05 /* BestRecipes.app */,
			);
			name = Products;
			sourceTree = "<group>";
		};
		F451DFB02E4A808700EB0C05 /* Services */ = {
			isa = PBXGroup;
			children = (
				E1F0F4BA2E57BEF000C7CB66 /* CoreDataService */,
				E17D0BF22E54C92100CE0936 /* StorageService */,
				E12D14292E51CB3F009C587A /* Networking */,
				E12D14222E51CB2A009C587A /* HomeNetworking */,
			);
			path = Services;
			sourceTree = "<group>";
		};
		F451DFB22E4A80C500EB0C05 /* Modules */ = {
			isa = PBXGroup;
			children = (
				52A464322E51C60300309D3F /* CreateRecipe */,
				F4F723812E4E49A3007AB583 /* Tabbar */,
				5E6FA6A92E4DFF180050C809 /* RecipeDetails */,
				DCBE43FA2E4D71F4005A37F5 /* SeeAll */,
				F451DFB72E4A82D600EB0C05 /* Onboarding */,
				F451DFB62E4A82D100EB0C05 /* Home */,
				F451DFB42E4A82BE00EB0C05 /* SavedRecipes */,
				F451DFB32E4A80CE00EB0C05 /* Profile */,
			);
			path = Modules;
			sourceTree = "<group>";
		};
		F451DFB32E4A80CE00EB0C05 /* Profile */ = {
			isa = PBXGroup;
			children = (
				F451DFBB2E4A847900EB0C05 /* ProfileContentView.swift */,
			);
			path = Profile;
			sourceTree = "<group>";
		};
		F451DFB42E4A82BE00EB0C05 /* SavedRecipes */ = {
			isa = PBXGroup;
			children = (
				F451DFBA2E4A83E900EB0C05 /* SavedRecipesContentView.swift */,
				527314802E4B5EEF0063C17E /* SavedRecipesCell.swift */,
			);
			path = SavedRecipes;
			sourceTree = "<group>";
		};
		F451DFB62E4A82D100EB0C05 /* Home */ = {
			isa = PBXGroup;
			children = (
				E17D0BAD2E547AA000CE0936 /* Search */,
				E12B35C72E4C887500050A82 /* Models */,
				E12B35912E4C755D00050A82 /* Cells */,
				F451DFB92E4A83D100EB0C05 /* HomeContentView.swift */,
				E12B358F2E4C6A0C00050A82 /* HomeViewModel.swift */,
			);
			path = Home;
			sourceTree = "<group>";
		};
		F451DFB72E4A82D600EB0C05 /* Onboarding */ = {
			isa = PBXGroup;
			children = (
				F4B6B0642E54D3EB0018B316 /* Demo */,
				F4B6B0662E54D3EB0018B316 /* Model */,
				F4B6B06A2E54D3EB0018B316 /* View */,
				F4B6B06C2E54D3EB0018B316 /* ViewModal */,
			);
			path = Onboarding;
			sourceTree = "<group>";
		};
		F451DFBC2E4A84A600EB0C05 /* Entities */ = {
			isa = PBXGroup;
			children = (
				E12D164B2E5249F8009C587A /* BackBarButtonView.swift */,
				5210E3622E4BA4D600B6E177 /* RatingView.swift */,
				5210E3642E4BAE7F00B6E177 /* BookmarkView.swift */,
				5210E3662E4BAF1F00B6E177 /* TimerView.swift */,
			);
			path = Entities;
			sourceTree = "<group>";
		};
		F4B6AEB82E5200BC0018B316 /* Recent */ = {
			isa = PBXGroup;
			children = (
				F4B6AEB42E51FB070018B316 /* RecentRecipesCell.swift */,
				E1F0F4B82E57BBE200C7CB66 /* RecentSectionView.swift */,
			);
			path = Recent;
			sourceTree = "<group>";
		};
		F4B6B0642E54D3EB0018B316 /* Demo */ = {
			isa = PBXGroup;
			children = (
				F4B6B0632E54D3EB0018B316 /* DemoPages.swift */,
			);
			path = Demo;
			sourceTree = "<group>";
		};
		F4B6B0662E54D3EB0018B316 /* Model */ = {
			isa = PBXGroup;
			children = (
				F4B6B0652E54D3EB0018B316 /* OnboardingPage.swift */,
			);
			path = Model;
			sourceTree = "<group>";
		};
		F4B6B06A2E54D3EB0018B316 /* View */ = {
			isa = PBXGroup;
			children = (
				F4B6B0672E54D3EB0018B316 /* DotsIndicator.swift */,
				F4B6B0682E54D3EB0018B316 /* OnboardingPageView.swift */,
				F4B6B0692E54D3EB0018B316 /* OnboardingView.swift */,
			);
			path = View;
			sourceTree = "<group>";
		};
		F4B6B06C2E54D3EB0018B316 /* ViewModal */ = {
			isa = PBXGroup;
			children = (
				F4B6B06B2E54D3EB0018B316 /* OnboardingViewModel.swift */,
			);
			path = ViewModal;
			sourceTree = "<group>";
		};
		F4F723812E4E49A3007AB583 /* Tabbar */ = {
			isa = PBXGroup;
			children = (
				E12D141D2E51CB11009C587A /* CurvedTabbarShape.swift */,
				E12D141E2E51CB11009C587A /* TabbarView.swift */,
				F4F723AF2E4E4AE3007AB583 /* TabModel.swift */,
			);
			path = Tabbar;
			sourceTree = "<group>";
		};
/* End PBXGroup section */

/* Begin PBXNativeTarget section */
		F451DFA12E4A7EC400EB0C05 /* BestRecipes */ = {
			isa = PBXNativeTarget;
			buildConfigurationList = F451DFAD2E4A7EC700EB0C05 /* Build configuration list for PBXNativeTarget "BestRecipes" */;
			buildPhases = (
				F451DF9E2E4A7EC400EB0C05 /* Sources */,
				F451DF9F2E4A7EC400EB0C05 /* Frameworks */,
				F451DFA02E4A7EC400EB0C05 /* Resources */,
			);
			buildRules = (
			);
			dependencies = (
			);
			fileSystemSynchronizedGroups = (
				52A464322E51C60300309D3F /* CreateRecipe */,
				F451DFA42E4A7EC400EB0C05 /* BestRecipes */,
				F451E0102E4A871700EB0C05 /* Design_System */,
			);
			name = BestRecipes;
			packageProductDependencies = (
			);
			productName = BestRecipes;
			productReference = F451DFA22E4A7EC400EB0C05 /* BestRecipes.app */;
			productType = "com.apple.product-type.application";
		};
/* End PBXNativeTarget section */

/* Begin PBXProject section */
		F451DF9A2E4A7EC400EB0C05 /* Project object */ = {
			isa = PBXProject;
			attributes = {
				BuildIndependentTargetsInParallel = 1;
				LastSwiftUpdateCheck = 1640;
				LastUpgradeCheck = 1640;
				TargetAttributes = {
					F451DFA12E4A7EC400EB0C05 = {
						CreatedOnToolsVersion = 16.4;
					};
				};
			};
			buildConfigurationList = F451DF9D2E4A7EC400EB0C05 /* Build configuration list for PBXProject "BestRecipes" */;
			developmentRegion = en;
			hasScannedForEncodings = 0;
			knownRegions = (
				en,
				Base,
			);
			mainGroup = F451DF992E4A7EC400EB0C05;
			minimizedProjectReferenceProxies = 1;
			preferredProjectObjectVersion = 77;
			productRefGroup = F451DFA32E4A7EC400EB0C05 /* Products */;
			projectDirPath = "";
			projectRoot = "";
			targets = (
				F451DFA12E4A7EC400EB0C05 /* BestRecipes */,
			);
		};
/* End PBXProject section */

/* Begin PBXResourcesBuildPhase section */
		F451DFA02E4A7EC400EB0C05 /* Resources */ = {
			isa = PBXResourcesBuildPhase;
			buildActionMask = 2147483647;
			files = (
			);
			runOnlyForDeploymentPostprocessing = 0;
		};
/* End PBXResourcesBuildPhase section */

/* Begin PBXSourcesBuildPhase section */
		F451DF9E2E4A7EC400EB0C05 /* Sources */ = {
			isa = PBXSourcesBuildPhase;
			buildActionMask = 2147483647;
			files = (
				E1F0F4BD2E57BF7500C7CB66 /* RecipesStorage.xcdatamodeld in Sources */,
				5210E3652E4BAE7F00B6E177 /* BookmarkView.swift in Sources */,
				F4B6B06D2E54D3EB0018B316 /* OnboardingPage.swift in Sources */,
				F4B6B06E2E54D3EB0018B316 /* DotsIndicator.swift in Sources */,
				F4B6B06F2E54D3EB0018B316 /* DemoPages.swift in Sources */,
				F4B6B0702E54D3EB0018B316 /* OnboardingViewModel.swift in Sources */,
				F4B6B0712E54D3EB0018B316 /* OnboardingView.swift in Sources */,
				F4B6B0722E54D3EB0018B316 /* OnboardingPageView.swift in Sources */,
				DCBE44022E4D7C88005A37F5 /* SeeAllViewModel.swift in Sources */,
				E12D142A2E51CB3F009C587A /* NetworkRouter.swift in Sources */,
				E12D142B2E51CB3F009C587A /* NetworkingService.swift in Sources */,
				E12D142C2E51CB3F009C587A /* NetworkError.swift in Sources */,
				F49E6AAA2E567F0200EA82B4 /* Keys.swift in Sources */,
				F4B6AEB52E51FB1E0018B316 /* RecentRecipesCell.swift in Sources */,
				E12D142D2E51CB3F009C587A /* API.swift in Sources */,
				E12D142E2E51CB3F009C587A /* Endpoint.swift in Sources */,
				F49E6AAC2E5680E800EA82B4 /* UserDefaultsService.swift in Sources */,
				E12B35C52E4C885300050A82 /* CategoryButtonCell.swift in Sources */,
				E17D0C7B2E5518FB00CE0936 /* SearchRecipeCell.swift in Sources */,
				F4B6AEB72E51FBB60018B316 /* RecentRecipesModel.swift in Sources */,
				F4F723B02E4E4AEB007AB583 /* TabModel.swift in Sources */,
				E12D141F2E51CB11009C587A /* CurvedTabbarShape.swift in Sources */,
				E12D14202E51CB11009C587A /* TabbarView.swift in Sources */,
				E12B35CC2E4C89CE00050A82 /* SeeAllSectionView.swift in Sources */,
				E12B35D02E4C8F8100050A82 /* RecipeModel.swift in Sources */,
				E12B35902E4C6A0C00050A82 /* HomeViewModel.swift in Sources */,
				5E6FA6AB2E4E003F0050C809 /* RecipeDetailView.swift in Sources */,
				E1F0F4B92E57BBE200C7CB66 /* RecentSectionView.swift in Sources */,
				E12D164C2E5249F8009C587A /* BackBarButtonView.swift in Sources */,
				5E6FA6AE2E4E02620050C809 /* RecipeDetailModel.swift in Sources */,
				6D494C182E4B1EC200ED37D1 /* DetailedRecipe.swift in Sources */,
				E17D0BAC2E545FF100CE0936 /* ScrollOffsetPreferenceKey.swift in Sources */,
				E1F0F4BF2E57BF8F00C7CB66 /* CoreDataService.swift in Sources */,
				E12D13EC2E51AB1E009C587A /* TrendingNowCell.swift in Sources */,
				6D2FA3712E4D654C000BB6AE /* Cuisine.swift in Sources */,
				DCBE43FD2E4D724F005A37F5 /* SeeAllView.swift in Sources */,
				527314812E4B5EEF0063C17E /* SavedRecipesCell.swift in Sources */,
				E17D0C792E54E9F700CE0936 /* SearchBarView.swift in Sources */,
				6D494C192E4B1EC200ED37D1 /* Recipe.swift in Sources */,
				E1F0F4C12E57C17300C7CB66 /* PersistenceController.swift in Sources */,
				E12D13F12E51BB02009C587A /* CuisineSeeAll.swift in Sources */,
				E17D0BF42E54C93400CE0936 /* SearchHistoryStoring.swift in Sources */,
				E17D0BAF2E547AD500CE0936 /* SearchContentView.swift in Sources */,
				E12B36AB2E4CB6D200050A82 /* СuisineByCountryCell.swift in Sources */,
				E12B34262E4BDBE600050A82 /* HomeContentView.swift in Sources */,
				5E6FA6B52E4E23490050C809 /* CustomCheckbox.swift in Sources */,
				E12B35CE2E4C8D3600050A82 /* SeeAllType.swift in Sources */,
				E12B36A92E4CB63100050A82 /* СuisineByCountriesSection.swift in Sources */,
				E12B36A72E4CB46800050A82 /* PopularCategoriesSection.swift in Sources */,
				E12B36D12E4CEC6A00050A82 /* PopularCell.swift in Sources */,
				527314822E4B5F1E0063C17E /* SavedRecipesContentView.swift in Sources */,
				E12B35CA2E4C896400050A82 /* TrendingNowSection.swift in Sources */,
				5210E3672E4BAF1F00B6E177 /* TimerView.swift in Sources */,
				E12D14232E51CB2A009C587A /* IHomeNetworking.swift in Sources */,
				5210E3632E4BA4FC00B6E177 /* RatingView.swift in Sources */,
				DCBE43FF2E4D7510005A37F5 /* RecipeListRow.swift in Sources */,
				6D2FA36D2E4D64BD000BB6AE /* MealType.swift in Sources */,
				5E6FA6B02E4E04EC0050C809 /* RecipeDetailViewModell.swift in Sources */,
			);
			runOnlyForDeploymentPostprocessing = 0;
		};
/* End PBXSourcesBuildPhase section */

/* Begin XCBuildConfiguration section */
		F451DFAB2E4A7EC700EB0C05 /* Debug */ = {
			isa = XCBuildConfiguration;
			buildSettings = {
				ALWAYS_SEARCH_USER_PATHS = NO;
				ASSETCATALOG_COMPILER_GENERATE_SWIFT_ASSET_SYMBOL_EXTENSIONS = YES;
				CLANG_ANALYZER_NONNULL = YES;
				CLANG_ANALYZER_NUMBER_OBJECT_CONVERSION = YES_AGGRESSIVE;
				CLANG_CXX_LANGUAGE_STANDARD = "gnu++20";
				CLANG_ENABLE_MODULES = YES;
				CLANG_ENABLE_OBJC_ARC = YES;
				CLANG_ENABLE_OBJC_WEAK = YES;
				CLANG_WARN_BLOCK_CAPTURE_AUTORELEASING = YES;
				CLANG_WARN_BOOL_CONVERSION = YES;
				CLANG_WARN_COMMA = YES;
				CLANG_WARN_CONSTANT_CONVERSION = YES;
				CLANG_WARN_DEPRECATED_OBJC_IMPLEMENTATIONS = YES;
				CLANG_WARN_DIRECT_OBJC_ISA_USAGE = YES_ERROR;
				CLANG_WARN_DOCUMENTATION_COMMENTS = YES;
				CLANG_WARN_EMPTY_BODY = YES;
				CLANG_WARN_ENUM_CONVERSION = YES;
				CLANG_WARN_INFINITE_RECURSION = YES;
				CLANG_WARN_INT_CONVERSION = YES;
				CLANG_WARN_NON_LITERAL_NULL_CONVERSION = YES;
				CLANG_WARN_OBJC_IMPLICIT_RETAIN_SELF = YES;
				CLANG_WARN_OBJC_LITERAL_CONVERSION = YES;
				CLANG_WARN_OBJC_ROOT_CLASS = YES_ERROR;
				CLANG_WARN_QUOTED_INCLUDE_IN_FRAMEWORK_HEADER = YES;
				CLANG_WARN_RANGE_LOOP_ANALYSIS = YES;
				CLANG_WARN_STRICT_PROTOTYPES = YES;
				CLANG_WARN_SUSPICIOUS_MOVE = YES;
				CLANG_WARN_UNGUARDED_AVAILABILITY = YES_AGGRESSIVE;
				CLANG_WARN_UNREACHABLE_CODE = YES;
				CLANG_WARN__DUPLICATE_METHOD_MATCH = YES;
				COPY_PHASE_STRIP = NO;
				DEBUG_INFORMATION_FORMAT = dwarf;
				DEVELOPMENT_TEAM = 87P7GYW9VY;
				ENABLE_STRICT_OBJC_MSGSEND = YES;
				ENABLE_TESTABILITY = YES;
				ENABLE_USER_SCRIPT_SANDBOXING = YES;
				GCC_C_LANGUAGE_STANDARD = gnu17;
				GCC_DYNAMIC_NO_PIC = NO;
				GCC_NO_COMMON_BLOCKS = YES;
				GCC_OPTIMIZATION_LEVEL = 0;
				GCC_PREPROCESSOR_DEFINITIONS = (
					"DEBUG=1",
					"$(inherited)",
				);
				GCC_WARN_64_TO_32_BIT_CONVERSION = YES;
				GCC_WARN_ABOUT_RETURN_TYPE = YES_ERROR;
				GCC_WARN_UNDECLARED_SELECTOR = YES;
				GCC_WARN_UNINITIALIZED_AUTOS = YES_AGGRESSIVE;
				GCC_WARN_UNUSED_FUNCTION = YES;
				GCC_WARN_UNUSED_VARIABLE = YES;
				IPHONEOS_DEPLOYMENT_TARGET = 18.5;
				LOCALIZATION_PREFERS_STRING_CATALOGS = YES;
				MTL_ENABLE_DEBUG_INFO = INCLUDE_SOURCE;
				MTL_FAST_MATH = YES;
				ONLY_ACTIVE_ARCH = YES;
				SDKROOT = iphoneos;
				SWIFT_ACTIVE_COMPILATION_CONDITIONS = "DEBUG $(inherited)";
				SWIFT_OPTIMIZATION_LEVEL = "-Onone";
			};
			name = Debug;
		};
		F451DFAC2E4A7EC700EB0C05 /* Release */ = {
			isa = XCBuildConfiguration;
			buildSettings = {
				ALWAYS_SEARCH_USER_PATHS = NO;
				ASSETCATALOG_COMPILER_GENERATE_SWIFT_ASSET_SYMBOL_EXTENSIONS = YES;
				CLANG_ANALYZER_NONNULL = YES;
				CLANG_ANALYZER_NUMBER_OBJECT_CONVERSION = YES_AGGRESSIVE;
				CLANG_CXX_LANGUAGE_STANDARD = "gnu++20";
				CLANG_ENABLE_MODULES = YES;
				CLANG_ENABLE_OBJC_ARC = YES;
				CLANG_ENABLE_OBJC_WEAK = YES;
				CLANG_WARN_BLOCK_CAPTURE_AUTORELEASING = YES;
				CLANG_WARN_BOOL_CONVERSION = YES;
				CLANG_WARN_COMMA = YES;
				CLANG_WARN_CONSTANT_CONVERSION = YES;
				CLANG_WARN_DEPRECATED_OBJC_IMPLEMENTATIONS = YES;
				CLANG_WARN_DIRECT_OBJC_ISA_USAGE = YES_ERROR;
				CLANG_WARN_DOCUMENTATION_COMMENTS = YES;
				CLANG_WARN_EMPTY_BODY = YES;
				CLANG_WARN_ENUM_CONVERSION = YES;
				CLANG_WARN_INFINITE_RECURSION = YES;
				CLANG_WARN_INT_CONVERSION = YES;
				CLANG_WARN_NON_LITERAL_NULL_CONVERSION = YES;
				CLANG_WARN_OBJC_IMPLICIT_RETAIN_SELF = YES;
				CLANG_WARN_OBJC_LITERAL_CONVERSION = YES;
				CLANG_WARN_OBJC_ROOT_CLASS = YES_ERROR;
				CLANG_WARN_QUOTED_INCLUDE_IN_FRAMEWORK_HEADER = YES;
				CLANG_WARN_RANGE_LOOP_ANALYSIS = YES;
				CLANG_WARN_STRICT_PROTOTYPES = YES;
				CLANG_WARN_SUSPICIOUS_MOVE = YES;
				CLANG_WARN_UNGUARDED_AVAILABILITY = YES_AGGRESSIVE;
				CLANG_WARN_UNREACHABLE_CODE = YES;
				CLANG_WARN__DUPLICATE_METHOD_MATCH = YES;
				COPY_PHASE_STRIP = NO;
				DEBUG_INFORMATION_FORMAT = "dwarf-with-dsym";
				DEVELOPMENT_TEAM = 87P7GYW9VY;
				ENABLE_NS_ASSERTIONS = NO;
				ENABLE_STRICT_OBJC_MSGSEND = YES;
				ENABLE_USER_SCRIPT_SANDBOXING = YES;
				GCC_C_LANGUAGE_STANDARD = gnu17;
				GCC_NO_COMMON_BLOCKS = YES;
				GCC_WARN_64_TO_32_BIT_CONVERSION = YES;
				GCC_WARN_ABOUT_RETURN_TYPE = YES_ERROR;
				GCC_WARN_UNDECLARED_SELECTOR = YES;
				GCC_WARN_UNINITIALIZED_AUTOS = YES_AGGRESSIVE;
				GCC_WARN_UNUSED_FUNCTION = YES;
				GCC_WARN_UNUSED_VARIABLE = YES;
				IPHONEOS_DEPLOYMENT_TARGET = 18.5;
				LOCALIZATION_PREFERS_STRING_CATALOGS = YES;
				MTL_ENABLE_DEBUG_INFO = NO;
				MTL_FAST_MATH = YES;
				SDKROOT = iphoneos;
				SWIFT_COMPILATION_MODE = wholemodule;
				VALIDATE_PRODUCT = YES;
			};
			name = Release;
		};
		F451DFAE2E4A7EC700EB0C05 /* Debug */ = {
			isa = XCBuildConfiguration;
			buildSettings = {
				ASSETCATALOG_COMPILER_APPICON_NAME = AppIcon;
				ASSETCATALOG_COMPILER_GLOBAL_ACCENT_COLOR_NAME = AccentColor;
				CODE_SIGN_STYLE = Automatic;
				CURRENT_PROJECT_VERSION = 1;
				DEVELOPMENT_TEAM = 87P7GYW9VY;
				ENABLE_PREVIEWS = YES;
				GENERATE_INFOPLIST_FILE = YES;
				INFOPLIST_FILE = BestRecipes/Info.plist;
				INFOPLIST_KEY_UIApplicationSceneManifest_Generation = YES;
				INFOPLIST_KEY_UIApplicationSupportsIndirectInputEvents = NO;
				INFOPLIST_KEY_UILaunchScreen_Generation = YES;
				INFOPLIST_KEY_UISupportedInterfaceOrientations = UIInterfaceOrientationPortrait;
				IPHONEOS_DEPLOYMENT_TARGET = 16.6;
				LD_RUNPATH_SEARCH_PATHS = (
					"$(inherited)",
					"@executable_path/Frameworks",
				);
				MARKETING_VERSION = 1.0;
				PRODUCT_BUNDLE_IDENTIFIER = "Michael-Bolgar.BestRecipes";
				PRODUCT_NAME = "$(TARGET_NAME)";
				SUPPORTED_PLATFORMS = "iphoneos iphonesimulator";
				SUPPORTS_MACCATALYST = NO;
				SUPPORTS_MAC_DESIGNED_FOR_IPHONE_IPAD = NO;
				SUPPORTS_XR_DESIGNED_FOR_IPHONE_IPAD = NO;
				SWIFT_EMIT_LOC_STRINGS = YES;
				SWIFT_VERSION = 5.0;
				TARGETED_DEVICE_FAMILY = 1;
			};
			name = Debug;
		};
		F451DFAF2E4A7EC700EB0C05 /* Release */ = {
			isa = XCBuildConfiguration;
			buildSettings = {
				ASSETCATALOG_COMPILER_APPICON_NAME = AppIcon;
				ASSETCATALOG_COMPILER_GLOBAL_ACCENT_COLOR_NAME = AccentColor;
				CODE_SIGN_STYLE = Automatic;
				CURRENT_PROJECT_VERSION = 1;
				DEVELOPMENT_TEAM = 87P7GYW9VY;
				ENABLE_PREVIEWS = YES;
				GENERATE_INFOPLIST_FILE = YES;
				INFOPLIST_FILE = BestRecipes/Info.plist;
				INFOPLIST_KEY_UIApplicationSceneManifest_Generation = YES;
				INFOPLIST_KEY_UIApplicationSupportsIndirectInputEvents = NO;
				INFOPLIST_KEY_UILaunchScreen_Generation = YES;
				INFOPLIST_KEY_UISupportedInterfaceOrientations = UIInterfaceOrientationPortrait;
				IPHONEOS_DEPLOYMENT_TARGET = 16.6;
				LD_RUNPATH_SEARCH_PATHS = (
					"$(inherited)",
					"@executable_path/Frameworks",
				);
				MARKETING_VERSION = 1.0;
				PRODUCT_BUNDLE_IDENTIFIER = "Michael-Bolgar.BestRecipes";
				PRODUCT_NAME = "$(TARGET_NAME)";
				SUPPORTED_PLATFORMS = "iphoneos iphonesimulator";
				SUPPORTS_MACCATALYST = NO;
				SUPPORTS_MAC_DESIGNED_FOR_IPHONE_IPAD = NO;
				SUPPORTS_XR_DESIGNED_FOR_IPHONE_IPAD = NO;
				SWIFT_EMIT_LOC_STRINGS = YES;
				SWIFT_VERSION = 5.0;
				TARGETED_DEVICE_FAMILY = 1;
			};
			name = Release;
		};
/* End XCBuildConfiguration section */

/* Begin XCConfigurationList section */
		F451DF9D2E4A7EC400EB0C05 /* Build configuration list for PBXProject "BestRecipes" */ = {
			isa = XCConfigurationList;
			buildConfigurations = (
				F451DFAB2E4A7EC700EB0C05 /* Debug */,
				F451DFAC2E4A7EC700EB0C05 /* Release */,
			);
			defaultConfigurationIsVisible = 0;
			defaultConfigurationName = Release;
		};
		F451DFAD2E4A7EC700EB0C05 /* Build configuration list for PBXNativeTarget "BestRecipes" */ = {
			isa = XCConfigurationList;
			buildConfigurations = (
				F451DFAE2E4A7EC700EB0C05 /* Debug */,
				F451DFAF2E4A7EC700EB0C05 /* Release */,
			);
			defaultConfigurationIsVisible = 0;
			defaultConfigurationName = Release;
		};
/* End XCConfigurationList section */

/* Begin XCVersionGroup section */
		E1F0F4BB2E57BF7500C7CB66 /* RecipesStorage.xcdatamodeld */ = {
			isa = XCVersionGroup;
			children = (
				E1F0F4BC2E57BF7500C7CB66 /* RecipesStorage.xcdatamodel */,
			);
			currentVersion = E1F0F4BC2E57BF7500C7CB66 /* RecipesStorage.xcdatamodel */;
			path = RecipesStorage.xcdatamodeld;
			sourceTree = "<group>";
			versionGroupType = wrapper.xcdatamodel;
		};
/* End XCVersionGroup section */
	};
	rootObject = F451DF9A2E4A7EC400EB0C05 /* Project object */;
}
